// !$*UTF8*$!
{
	archiveVersion = 1;
	classes = {
	};
	objectVersion = 55;
	objects = {

/* Begin PBXBuildFile section */
		4620D51D29F965F5003AF59D /* ReminderListModel.swift in Sources */ = {isa = PBXBuildFile; fileRef = 4620D51C29F965F5003AF59D /* ReminderListModel.swift */; };
		469E10C629F1B185005BB6DD /* Reminders.swift in Sources */ = {isa = PBXBuildFile; fileRef = 469E10C529F1B185005BB6DD /* Reminders.swift */; };
		469E10C829F1B528005BB6DD /* ReminderView.swift in Sources */ = {isa = PBXBuildFile; fileRef = 469E10C729F1B528005BB6DD /* ReminderView.swift */; };
		46D3BC2129F1A1D70043C186 /* ReminderDVMApp.swift in Sources */ = {isa = PBXBuildFile; fileRef = 46D3BC2029F1A1D70043C186 /* ReminderDVMApp.swift */; };
		46D3BC2329F1A1D70043C186 /* ContentView.swift in Sources */ = {isa = PBXBuildFile; fileRef = 46D3BC2229F1A1D70043C186 /* ContentView.swift */; };
		46D3BC2529F1A1D90043C186 /* Assets.xcassets in Resources */ = {isa = PBXBuildFile; fileRef = 46D3BC2429F1A1D90043C186 /* Assets.xcassets */; };
		46D3BC2829F1A1D90043C186 /* Preview Assets.xcassets in Resources */ = {isa = PBXBuildFile; fileRef = 46D3BC2729F1A1D90043C186 /* Preview Assets.xcassets */; };
		46FBED8D29F97CBD00198EB1 /* DBhelper.swift in Sources */ = {isa = PBXBuildFile; fileRef = 46FBED8C29F97CBD00198EB1 /* DBhelper.swift */; };
/* End PBXBuildFile section */

/* Begin PBXFileReference section */
		4620D51C29F965F5003AF59D /* ReminderListModel.swift */ = {isa = PBXFileReference; lastKnownFileType = sourcecode.swift; path = ReminderListModel.swift; sourceTree = "<group>"; };
		469E10C529F1B185005BB6DD /* Reminders.swift */ = {isa = PBXFileReference; lastKnownFileType = sourcecode.swift; path = Reminders.swift; sourceTree = "<group>"; };
		469E10C729F1B528005BB6DD /* ReminderView.swift */ = {isa = PBXFileReference; lastKnownFileType = sourcecode.swift; path = ReminderView.swift; sourceTree = "<group>"; };
		46D3BC1D29F1A1D70043C186 /* ReminderDVM.app */ = {isa = PBXFileReference; explicitFileType = wrapper.application; includeInIndex = 0; path = ReminderDVM.app; sourceTree = BUILT_PRODUCTS_DIR; };
		46D3BC2029F1A1D70043C186 /* ReminderDVMApp.swift */ = {isa = PBXFileReference; lastKnownFileType = sourcecode.swift; path = ReminderDVMApp.swift; sourceTree = "<group>"; };
		46D3BC2229F1A1D70043C186 /* ContentView.swift */ = {isa = PBXFileReference; lastKnownFileType = sourcecode.swift; path = ContentView.swift; sourceTree = "<group>"; };
		46D3BC2429F1A1D90043C186 /* Assets.xcassets */ = {isa = PBXFileReference; lastKnownFileType = folder.assetcatalog; path = Assets.xcassets; sourceTree = "<group>"; };
		46D3BC2729F1A1D90043C186 /* Preview Assets.xcassets */ = {isa = PBXFileReference; lastKnownFileType = folder.assetcatalog; path = "Preview Assets.xcassets"; sourceTree = "<group>"; };
		46FBED8C29F97CBD00198EB1 /* DBhelper.swift */ = {isa = PBXFileReference; lastKnownFileType = sourcecode.swift; path = DBhelper.swift; sourceTree = "<group>"; };
/* End PBXFileReference section */

/* Begin PBXFrameworksBuildPhase section */
		46D3BC1A29F1A1D70043C186 /* Frameworks */ = {
			isa = PBXFrameworksBuildPhase;
			buildActionMask = 2147483647;
			files = (
			);
			runOnlyForDeploymentPostprocessing = 0;
		};
/* End PBXFrameworksBuildPhase section */

/* Begin PBXGroup section */
		4620D51929F9612A003AF59D /* Models */ = {
			isa = PBXGroup;
			children = (
				469E10C529F1B185005BB6DD /* Reminders.swift */,
			);
			path = Models;
			sourceTree = "<group>";
		};
		4620D51A29F962AE003AF59D /* Views */ = {
			isa = PBXGroup;
			children = (
				469E10C729F1B528005BB6DD /* ReminderView.swift */,
				46D3BC2229F1A1D70043C186 /* ContentView.swift */,
			);
			path = Views;
			sourceTree = "<group>";
		};
		4620D51B29F9656A003AF59D /* ViewModels */ = {
			isa = PBXGroup;
			children = (
				4620D51C29F965F5003AF59D /* ReminderListModel.swift */,
			);
			path = ViewModels;
			sourceTree = "<group>";
		};
		46D3BC1429F1A1D70043C186 = {
			isa = PBXGroup;
			children = (
				46D3BC1F29F1A1D70043C186 /* ReminderDVM */,
				46D3BC1E29F1A1D70043C186 /* Products */,
			);
			sourceTree = "<group>";
		};
		46D3BC1E29F1A1D70043C186 /* Products */ = {
			isa = PBXGroup;
			children = (
				46D3BC1D29F1A1D70043C186 /* ReminderDVM.app */,
			);
			name = Products;
			sourceTree = "<group>";
		};
		46D3BC1F29F1A1D70043C186 /* ReminderDVM */ = {
			isa = PBXGroup;
			children = (
				46FBED8C29F97CBD00198EB1 /* DBhelper.swift */,
				46D3BC2029F1A1D70043C186 /* ReminderDVMApp.swift */,
				4620D51929F9612A003AF59D /* Models */,
				4620D51A29F962AE003AF59D /* Views */,
				4620D51B29F9656A003AF59D /* ViewModels */,
				46D3BC2429F1A1D90043C186 /* Assets.xcassets */,
				46D3BC2629F1A1D90043C186 /* Preview Content */,
			);
			path = ReminderDVM;
			sourceTree = "<group>";
		};
		46D3BC2629F1A1D90043C186 /* Preview Content */ = {
			isa = PBXGroup;
			children = (
				46D3BC2729F1A1D90043C186 /* Preview Assets.xcassets */,
			);
			path = "Preview Content";
			sourceTree = "<group>";
		};
/* End PBXGroup section */

/* Begin PBXNativeTarget section */
		46D3BC1C29F1A1D70043C186 /* ReminderDVM */ = {
			isa = PBXNativeTarget;
			buildConfigurationList = 46D3BC2B29F1A1D90043C186 /* Build configuration list for PBXNativeTarget "ReminderDVM" */;
			buildPhases = (
				46D3BC1929F1A1D70043C186 /* Sources */,
				46D3BC1A29F1A1D70043C186 /* Frameworks */,
				46D3BC1B29F1A1D70043C186 /* Resources */,
			);
			buildRules = (
			);
			dependencies = (
			);
			name = ReminderDVM;
			productName = ReminderDVM;
			productReference = 46D3BC1D29F1A1D70043C186 /* ReminderDVM.app */;
			productType = "com.apple.product-type.application";
		};
/* End PBXNativeTarget section */

/* Begin PBXProject section */
		46D3BC1529F1A1D70043C186 /* Project object */ = {
			isa = PBXProject;
			attributes = {
				BuildIndependentTargetsInParallel = 1;
				LastSwiftUpdateCheck = 1340;
				LastUpgradeCheck = 1340;
				TargetAttributes = {
					46D3BC1C29F1A1D70043C186 = {
						CreatedOnToolsVersion = 13.4.1;
					};
				};
			};
			buildConfigurationList = 46D3BC1829F1A1D70043C186 /* Build configuration list for PBXProject "ReminderDVM" */;
			compatibilityVersion = "Xcode 13.0";
			developmentRegion = en;
			hasScannedForEncodings = 0;
			knownRegions = (
				en,
				Base,
			);
			mainGroup = 46D3BC1429F1A1D70043C186;
			productRefGroup = 46D3BC1E29F1A1D70043C186 /* Products */;
			projectDirPath = "";
			projectRoot = "";
			targets = (
				46D3BC1C29F1A1D70043C186 /* ReminderDVM */,
			);
		};
/* End PBXProject section */

/* Begin PBXResourcesBuildPhase section */
		46D3BC1B29F1A1D70043C186 /* Resources */ = {
			isa = PBXResourcesBuildPhase;
			buildActionMask = 2147483647;
			files = (
				46D3BC2829F1A1D90043C186 /* Preview Assets.xcassets in Resources */,
				46D3BC2529F1A1D90043C186 /* Assets.xcassets in Resources */,
			);
			runOnlyForDeploymentPostprocessing = 0;
		};
/* End PBXResourcesBuildPhase section */

/* Begin PBXSourcesBuildPhase section */
		46D3BC1929F1A1D70043C186 /* Sources */ = {
			isa = PBXSourcesBuildPhase;
			buildActionMask = 2147483647;
			files = (
				469E10C629F1B185005BB6DD /* Reminders.swift in Sources */,
				46D3BC2329F1A1D70043C186 /* ContentView.swift in Sources */,
				469E10C829F1B528005BB6DD /* ReminderView.swift in Sources */,
				46FBED8D29F97CBD00198EB1 /* DBhelper.swift in Sources */,
				4620D51D29F965F5003AF59D /* ReminderListModel.swift in Sources */,
				46D3BC2129F1A1D70043C186 /* ReminderDVMApp.swift in Sources */,
			);
			runOnlyForDeploymentPostprocessing = 0;
		};
/* End PBXSourcesBuildPhase section */

/* Begin XCBuildConfiguration section */
		46D3BC2929F1A1D90043C186 /* Debug */ = {
			isa = XCBuildConfiguration;
			buildSettings = {
				ALWAYS_SEARCH_USER_PATHS = NO;
				CLANG_ANALYZER_NONNULL = YES;
				CLANG_ANALYZER_NUMBER_OBJECT_CONVERSION = YES_AGGRESSIVE;
				CLANG_CXX_LANGUAGE_STANDARD = "gnu++17";
				CLANG_ENABLE_MODULES = YES;
				CLANG_ENABLE_OBJC_ARC = YES;
				CLANG_ENABLE_OBJC_WEAK = YES;
				CLANG_WARN_BLOCK_CAPTURE_AUTORELEASING = YES;
				CLANG_WARN_BOOL_CONVERSION = YES;
				CLANG_WARN_COMMA = YES;
				CLANG_WARN_CONSTANT_CONVERSION = YES;
				CLANG_WARN_DEPRECATED_OBJC_IMPLEMENTATIONS = YES;
				CLANG_WARN_DIRECT_OBJC_ISA_USAGE = YES_ERROR;
				CLANG_WARN_DOCUMENTATION_COMMENTS = YES;
				CLANG_WARN_EMPTY_BODY = YES;
				CLANG_WARN_ENUM_CONVERSION = YES;
				CLANG_WARN_INFINITE_RECURSION = YES;
				CLANG_WARN_INT_CONVERSION = YES;
				CLANG_WARN_NON_LITERAL_NULL_CONVERSION = YES;
				CLANG_WARN_OBJC_IMPLICIT_RETAIN_SELF = YES;
				CLANG_WARN_OBJC_LITERAL_CONVERSION = YES;
				CLANG_WARN_OBJC_ROOT_CLASS = YES_ERROR;
				CLANG_WARN_QUOTED_INCLUDE_IN_FRAMEWORK_HEADER = YES;
				CLANG_WARN_RANGE_LOOP_ANALYSIS = YES;
				CLANG_WARN_STRICT_PROTOTYPES = YES;
				CLANG_WARN_SUSPICIOUS_MOVE = YES;
				CLANG_WARN_UNGUARDED_AVAILABILITY = YES_AGGRESSIVE;
				CLANG_WARN_UNREACHABLE_CODE = YES;
				CLANG_WARN__DUPLICATE_METHOD_MATCH = YES;
				COPY_PHASE_STRIP = NO;
				DEBUG_INFORMATION_FORMAT = dwarf;
				ENABLE_STRICT_OBJC_MSGSEND = YES;
				ENABLE_TESTABILITY = YES;
				GCC_C_LANGUAGE_STANDARD = gnu11;
				GCC_DYNAMIC_NO_PIC = NO;
				GCC_NO_COMMON_BLOCKS = YES;
				GCC_OPTIMIZATION_LEVEL = 0;
				GCC_PREPROCESSOR_DEFINITIONS = (
					"DEBUG=1",
					"$(inherited)",
				);
				GCC_WARN_64_TO_32_BIT_CONVERSION = YES;
				GCC_WARN_ABOUT_RETURN_TYPE = YES_ERROR;
				GCC_WARN_UNDECLARED_SELECTOR = YES;
				GCC_WARN_UNINITIALIZED_AUTOS = YES_AGGRESSIVE;
				GCC_WARN_UNUSED_FUNCTION = YES;
				GCC_WARN_UNUSED_VARIABLE = YES;
				IPHONEOS_DEPLOYMENT_TARGET = 15.5;
				MTL_ENABLE_DEBUG_INFO = INCLUDE_SOURCE;
				MTL_FAST_MATH = YES;
				ONLY_ACTIVE_ARCH = YES;
				SDKROOT = iphoneos;
				SWIFT_ACTIVE_COMPILATION_CONDITIONS = DEBUG;
				SWIFT_OPTIMIZATION_LEVEL = "-Onone";
			};
			name = Debug;
		};
		46D3BC2A29F1A1D90043C186 /* Release */ = {
			isa = XCBuildConfiguration;
			buildSettings = {
				ALWAYS_SEARCH_USER_PATHS = NO;
				CLANG_ANALYZER_NONNULL = YES;
				CLANG_ANALYZER_NUMBER_OBJECT_CONVERSION = YES_AGGRESSIVE;
				CLANG_CXX_LANGUAGE_STANDARD = "gnu++17";
				CLANG_ENABLE_MODULES = YES;
				CLANG_ENABLE_OBJC_ARC = YES;
				CLANG_ENABLE_OBJC_WEAK = YES;
				CLANG_WARN_BLOCK_CAPTURE_AUTORELEASING = YES;
				CLANG_WARN_BOOL_CONVERSION = YES;
				CLANG_WARN_COMMA = YES;
				CLANG_WARN_CONSTANT_CONVERSION = YES;
				CLANG_WARN_DEPRECATED_OBJC_IMPLEMENTATIONS = YES;
				CLANG_WARN_DIRECT_OBJC_ISA_USAGE = YES_ERROR;
				CLANG_WARN_DOCUMENTATION_COMMENTS = YES;
				CLANG_WARN_EMPTY_BODY = YES;
				CLANG_WARN_ENUM_CONVERSION = YES;
				CLANG_WARN_INFINITE_RECURSION = YES;
				CLANG_WARN_INT_CONVERSION = YES;
				CLANG_WARN_NON_LITERAL_NULL_CONVERSION = YES;
				CLANG_WARN_OBJC_IMPLICIT_RETAIN_SELF = YES;
				CLANG_WARN_OBJC_LITERAL_CONVERSION = YES;
				CLANG_WARN_OBJC_ROOT_CLASS = YES_ERROR;
				CLANG_WARN_QUOTED_INCLUDE_IN_FRAMEWORK_HEADER = YES;
				CLANG_WARN_RANGE_LOOP_ANALYSIS = YES;
				CLANG_WARN_STRICT_PROTOTYPES = YES;
				CLANG_WARN_SUSPICIOUS_MOVE = YES;
				CLANG_WARN_UNGUARDED_AVAILABILITY = YES_AGGRESSIVE;
				CLANG_WARN_UNREACHABLE_CODE = YES;
				CLANG_WARN__DUPLICATE_METHOD_MATCH = YES;
				COPY_PHASE_STRIP = NO;
				DEBUG_INFORMATION_FORMAT = "dwarf-with-dsym";
				ENABLE_NS_ASSERTIONS = NO;
				ENABLE_STRICT_OBJC_MSGSEND = YES;
				GCC_C_LANGUAGE_STANDARD = gnu11;
				GCC_NO_COMMON_BLOCKS = YES;
				GCC_WARN_64_TO_32_BIT_CONVERSION = YES;
				GCC_WARN_ABOUT_RETURN_TYPE = YES_ERROR;
				GCC_WARN_UNDECLARED_SELECTOR = YES;
				GCC_WARN_UNINITIALIZED_AUTOS = YES_AGGRESSIVE;
				GCC_WARN_UNUSED_FUNCTION = YES;
				GCC_WARN_UNUSED_VARIABLE = YES;
				IPHONEOS_DEPLOYMENT_TARGET = 15.5;
				MTL_ENABLE_DEBUG_INFO = NO;
				MTL_FAST_MATH = YES;
				SDKROOT = iphoneos;
				SWIFT_COMPILATION_MODE = wholemodule;
				SWIFT_OPTIMIZATION_LEVEL = "-O";
				VALIDATE_PRODUCT = YES;
			};
			name = Release;
		};
		46D3BC2C29F1A1D90043C186 /* Debug */ = {
			isa = XCBuildConfiguration;
			buildSettings = {
				ASSETCATALOG_COMPILER_APPICON_NAME = AppIcon;
				ASSETCATALOG_COMPILER_GLOBAL_ACCENT_COLOR_NAME = AccentColor;
				CODE_SIGN_STYLE = Automatic;
				CURRENT_PROJECT_VERSION = 1;
				DEVELOPMENT_ASSET_PATHS = "\"ReminderDVM/Preview Content\"";
				ENABLE_PREVIEWS = YES;
				GENERATE_INFOPLIST_FILE = YES;
				INFOPLIST_KEY_UIApplicationSceneManifest_Generation = YES;
				INFOPLIST_KEY_UIApplicationSupportsIndirectInputEvents = YES;
				INFOPLIST_KEY_UILaunchScreen_Generation = YES;
				INFOPLIST_KEY_UISupportedInterfaceOrientations_iPad = "UIInterfaceOrientationPortrait UIInterfaceOrientationPortraitUpsideDown UIInterfaceOrientationLandscapeLeft UIInterfaceOrientationLandscapeRight";
				INFOPLIST_KEY_UISupportedInterfaceOrientations_iPhone = "UIInterfaceOrientationPortrait UIInterfaceOrientationLandscapeLeft UIInterfaceOrientationLandscapeRight";
				LD_RUNPATH_SEARCH_PATHS = (
					"$(inherited)",
					"@executable_path/Frameworks",
				);
				MARKETING_VERSION = 1.0;
				PRODUCT_BUNDLE_IDENTIFIER = vaxalz.ReminderDVM;
				PRODUCT_NAME = "$(TARGET_NAME)";
				SWIFT_EMIT_LOC_STRINGS = YES;
				SWIFT_VERSION = 5.0;
				TARGETED_DEVICE_FAMILY = "1,2";
			};
			name = Debug;
		};
		46D3BC2D29F1A1D90043C186 /* Release */ = {
			isa = XCBuildConfiguration;
			buildSettings = {
				ASSETCATALOG_COMPILER_APPICON_NAME = AppIcon;
				ASSETCATALOG_COMPILER_GLOBAL_ACCENT_COLOR_NAME = AccentColor;
				CODE_SIGN_STYLE = Automatic;
				CURRENT_PROJECT_VERSION = 1;
				DEVELOPMENT_ASSET_PATHS = "\"ReminderDVM/Preview Content\"";
				ENABLE_PREVIEWS = YES;
				GENERATE_INFOPLIST_FILE = YES;
				INFOPLIST_KEY_UIApplicationSceneManifest_Generation = YES;
				INFOPLIST_KEY_UIApplicationSupportsIndirectInputEvents = YES;
				INFOPLIST_KEY_UILaunchScreen_Generation = YES;
				INFOPLIST_KEY_UISupportedInterfaceOrientations_iPad = "UIInterfaceOrientationPortrait UIInterfaceOrientationPortraitUpsideDown UIInterfaceOrientationLandscapeLeft UIInterfaceOrientationLandscapeRight";
				INFOPLIST_KEY_UISupportedInterfaceOrientations_iPhone = "UIInterfaceOrientationPortrait UIInterfaceOrientationLandscapeLeft UIInterfaceOrientationLandscapeRight";
				LD_RUNPATH_SEARCH_PATHS = (
					"$(inherited)",
					"@executable_path/Frameworks",
				);
				MARKETING_VERSION = 1.0;
				PRODUCT_BUNDLE_IDENTIFIER = vaxalz.ReminderDVM;
				PRODUCT_NAME = "$(TARGET_NAME)";
				SWIFT_EMIT_LOC_STRINGS = YES;
				SWIFT_VERSION = 5.0;
				TARGETED_DEVICE_FAMILY = "1,2";
			};
			name = Release;
		};
/* End XCBuildConfiguration section */

/* Begin XCConfigurationList section */
		46D3BC1829F1A1D70043C186 /* Build configuration list for PBXProject "ReminderDVM" */ = {
			isa = XCConfigurationList;
			buildConfigurations = (
				46D3BC2929F1A1D90043C186 /* Debug */,
				46D3BC2A29F1A1D90043C186 /* Release */,
			);
			defaultConfigurationIsVisible = 0;
			defaultConfigurationName = Release;
		};
		46D3BC2B29F1A1D90043C186 /* Build configuration list for PBXNativeTarget "ReminderDVM" */ = {
			isa = XCConfigurationList;
			buildConfigurations = (
				46D3BC2C29F1A1D90043C186 /* Debug */,
				46D3BC2D29F1A1D90043C186 /* Release */,
			);
			defaultConfigurationIsVisible = 0;
			defaultConfigurationName = Release;
		};
/* End XCConfigurationList section */
	};
	rootObject = 46D3BC1529F1A1D70043C186 /* Project object */;
}
